schema: '2.0'
stages:
  integration:
    cmd: python -m jupyter nbconvert --to notebook --execute src/data/integration.ipynb
    deps:
    - path: data/raw/ERA5-Land-Moisture
      hash: md5
      md5: 6a597d64041d58f89a0d3975819dc32c.dir
      size: 115667113
      nfiles: 12
    - path: data/raw/USDA
      hash: md5
      md5: 9a433e91f99534f2ca574866bd549323.dir
      size: 783402
      nfiles: 6
    - path: data/raw/WRF-HRRR
      hash: md5
      md5: 9e17772a0e0b51d511439d317bec19a5.dir
      size: 1938431255
      nfiles: 192
    - path: src/data/integration.ipynb
      hash: md5
      md5: dc879a6dc1de1054a14f166a75b32058
      size: 20669
  processing:
    cmd: python -m jupyter nbconvert --to notebook --execute src/data/process.ipynb
    deps:
    - path: data/interim
      hash: md5
      md5: d751713988987e9331980363e24189ce.dir
      size: 0
      nfiles: 0
    - path: src/data/process.ipynb
      hash: md5
      md5: b00ec847cadd76ced27021285d1ef0da
      size: 25663
