schema: '2.0'
stages:
  integration:
    cmd: python -m src.data.integration
    deps:
    - path: data/raw
      hash: md5
      md5: 303cd23954470e2ae3ae4790ba1cb4a4.dir
      size: 160383112800
      nfiles: 618
    - path: src/data/integration.py
      hash: md5
      md5: 7e1bb2e2106bcccd3a91a4c370e35b92
      size: 16091
  processing:
    cmd: python -m src.data.process
    deps:
    - path: data/interim
      hash: md5
      md5: d751713988987e9331980363e24189ce.dir
      size: 0
      nfiles: 0
    - path: src/data/process.py
      hash: md5
      md5: c917e4997193cf3bd2afbcfb3880b7d3
      size: 12943
  train:
    cmd: python -m src.model.run
    deps:
    - path: data/processed
      hash: md5
      md5: d751713988987e9331980363e24189ce.dir
      size: 0
      nfiles: 0
    - path: src/model/run.py
      hash: md5
      md5: 71e89a03cb3593165701ddc5f7601a20
      size: 6362
